<?xml version="1.0" encoding="utf-8"?>
<Project ToolsVersion="17.0" xmlns="http://schemas.microsoft.com/developer/msbuild/2003">
  <ItemGroup>
    <CustomBuild Include="E:\Yandex.Disk\YandexDisk\programming\cocos2dx\testgame4\proj.win32\CMakeFiles\0f8a2481f80c3c3ccda09cd844a6111e\SYNC_RESOURCE-testgame4.rule">
      <Filter>CMake Rules</Filter>
    </CustomBuild>
    <CustomBuild Include="E:\Yandex.Disk\YandexDisk\programming\cocos2dx\testgame4\CMakeLists.txt" />
  </ItemGroup>
  <ItemGroup>
    <None Include="E:\Yandex.Disk\YandexDisk\programming\cocos2dx\testgame4\proj.win32\CMakeFiles\SYNC_RESOURCE-testgame4" />
  </ItemGroup>
  <ItemGroup>
    <Filter Include="CMake Rules">
      <UniqueIdentifier>{E9674B28-EFC0-385A-8345-D35B4B3FCF48}</UniqueIdentifier>
    </Filter>
  </ItemGroup>
</Project>
