
Microsoft Visual Studio Solution File, Format Version 12.00
# Visual Studio Version 17
Project("{2150E333-8FDC-42A3-9474-1A3956D46DE8}") = "CMakePredefinedTargets", "CMakePredefinedTargets", "{5C83D31C-53A3-3920-BB87-035DC00BCA92}"
EndProject
Project("{2150E333-8FDC-42A3-9474-1A3956D46DE8}") = "External", "External", "{5A3A93FE-92F0-3ACC-BCB3-1B885F5B9AEB}"
EndProject
Project("{2150E333-8FDC-42A3-9474-1A3956D46DE8}") = "Internal", "Internal", "{E060F19E-6BB3-311E-BA66-15130B4363D5}"
EndProject
Project("{8BC9CEB8-8B4A-11D0-8D11-00A0C91BC942}") = "ALL_BUILD", "ALL_BUILD.vcxproj", "{EBE64CBA-62D5-3755-ACB6-ACF6F7CD346B}"
	ProjectSection(ProjectDependencies) = postProject
		{4A01373F-C56F-3B38-8E8A-99B68CDF7988} = {4A01373F-C56F-3B38-8E8A-99B68CDF7988}
		{2557672F-6F57-3ADA-87C2-BB91FF6B54F4} = {2557672F-6F57-3ADA-87C2-BB91FF6B54F4}
		{C346EFAA-7047-3565-8AC9-4C03D7A1F379} = {C346EFAA-7047-3565-8AC9-4C03D7A1F379}
		{61D5E20F-BF3A-38AD-A10F-F2E84D6000B1} = {61D5E20F-BF3A-38AD-A10F-F2E84D6000B1}
		{BDC79788-8127-3DEE-B4D4-BCF124FAF872} = {BDC79788-8127-3DEE-B4D4-BCF124FAF872}
		{3AB1C122-28D5-3373-9369-9E7551401E45} = {3AB1C122-28D5-3373-9369-9E7551401E45}
		{F6FB69A0-300B-3242-A56F-13414C60ACA3} = {F6FB69A0-300B-3242-A56F-13414C60ACA3}
		{7C7FDBF4-E8AE-3BC6-BCE1-45C914FA46ED} = {7C7FDBF4-E8AE-3BC6-BCE1-45C914FA46ED}
		{28C69947-C866-31FE-9C67-59C19F00FFA4} = {28C69947-C866-31FE-9C67-59C19F00FFA4}
		{344F26CE-404A-32FC-838C-352A6FA5B860} = {344F26CE-404A-32FC-838C-352A6FA5B860}
		{B2F7BB3A-B2BF-3271-8DA8-B05B782D52A1} = {B2F7BB3A-B2BF-3271-8DA8-B05B782D52A1}
		{0B785572-C618-373D-BE89-22C2FE480A52} = {0B785572-C618-373D-BE89-22C2FE480A52}
		{A349C193-CCE3-35D0-8799-7A4FAE4826E3} = {A349C193-CCE3-35D0-8799-7A4FAE4826E3}
	EndProjectSection
EndProject
Project("{8BC9CEB8-8B4A-11D0-8D11-00A0C91BC942}") = "ZERO_CHECK", "..\..\..\\ZERO_CHECK.vcxproj", "{4A01373F-C56F-3B38-8E8A-99B68CDF7988}"
	ProjectSection(ProjectDependencies) = postProject
	EndProjectSection
EndProject
Project("{8BC9CEB8-8B4A-11D0-8D11-00A0C91BC942}") = "cocos2d", "cocos2d.vcxproj", "{2557672F-6F57-3ADA-87C2-BB91FF6B54F4}"
	ProjectSection(ProjectDependencies) = postProject
		{4A01373F-C56F-3B38-8E8A-99B68CDF7988} = {4A01373F-C56F-3B38-8E8A-99B68CDF7988}
		{C346EFAA-7047-3565-8AC9-4C03D7A1F379} = {C346EFAA-7047-3565-8AC9-4C03D7A1F379}
		{61D5E20F-BF3A-38AD-A10F-F2E84D6000B1} = {61D5E20F-BF3A-38AD-A10F-F2E84D6000B1}
		{BDC79788-8127-3DEE-B4D4-BCF124FAF872} = {BDC79788-8127-3DEE-B4D4-BCF124FAF872}
		{3AB1C122-28D5-3373-9369-9E7551401E45} = {3AB1C122-28D5-3373-9369-9E7551401E45}
		{F6FB69A0-300B-3242-A56F-13414C60ACA3} = {F6FB69A0-300B-3242-A56F-13414C60ACA3}
		{7C7FDBF4-E8AE-3BC6-BCE1-45C914FA46ED} = {7C7FDBF4-E8AE-3BC6-BCE1-45C914FA46ED}
		{28C69947-C866-31FE-9C67-59C19F00FFA4} = {28C69947-C866-31FE-9C67-59C19F00FFA4}
		{344F26CE-404A-32FC-838C-352A6FA5B860} = {344F26CE-404A-32FC-838C-352A6FA5B860}
		{B2F7BB3A-B2BF-3271-8DA8-B05B782D52A1} = {B2F7BB3A-B2BF-3271-8DA8-B05B782D52A1}
		{0B785572-C618-373D-BE89-22C2FE480A52} = {0B785572-C618-373D-BE89-22C2FE480A52}
		{A349C193-CCE3-35D0-8799-7A4FAE4826E3} = {A349C193-CCE3-35D0-8799-7A4FAE4826E3}
	EndProjectSection
EndProject
Project("{8BC9CEB8-8B4A-11D0-8D11-00A0C91BC942}") = "ext_clipper", "..\..\external\clipper\ext_clipper.vcxproj", "{C346EFAA-7047-3565-8AC9-4C03D7A1F379}"
	ProjectSection(ProjectDependencies) = postProject
		{4A01373F-C56F-3B38-8E8A-99B68CDF7988} = {4A01373F-C56F-3B38-8E8A-99B68CDF7988}
	EndProjectSection
EndProject
Project("{8BC9CEB8-8B4A-11D0-8D11-00A0C91BC942}") = "ext_convertUTF", "..\..\external\ConvertUTF\ext_convertUTF.vcxproj", "{61D5E20F-BF3A-38AD-A10F-F2E84D6000B1}"
	ProjectSection(ProjectDependencies) = postProject
		{4A01373F-C56F-3B38-8E8A-99B68CDF7988} = {4A01373F-C56F-3B38-8E8A-99B68CDF7988}
	EndProjectSection
EndProject
Project("{8BC9CEB8-8B4A-11D0-8D11-00A0C91BC942}") = "ext_edtaa3func", "..\..\external\edtaa3func\ext_edtaa3func.vcxproj", "{BDC79788-8127-3DEE-B4D4-BCF124FAF872}"
	ProjectSection(ProjectDependencies) = postProject
		{4A01373F-C56F-3B38-8E8A-99B68CDF7988} = {4A01373F-C56F-3B38-8E8A-99B68CDF7988}
	EndProjectSection
EndProject
Project("{8BC9CEB8-8B4A-11D0-8D11-00A0C91BC942}") = "ext_md5", "..\..\external\md5\ext_md5.vcxproj", "{3AB1C122-28D5-3373-9369-9E7551401E45}"
	ProjectSection(ProjectDependencies) = postProject
		{4A01373F-C56F-3B38-8E8A-99B68CDF7988} = {4A01373F-C56F-3B38-8E8A-99B68CDF7988}
	EndProjectSection
EndProject
Project("{8BC9CEB8-8B4A-11D0-8D11-00A0C91BC942}") = "ext_poly2tri", "..\..\external\poly2tri\ext_poly2tri.vcxproj", "{F6FB69A0-300B-3242-A56F-13414C60ACA3}"
	ProjectSection(ProjectDependencies) = postProject
		{4A01373F-C56F-3B38-8E8A-99B68CDF7988} = {4A01373F-C56F-3B38-8E8A-99B68CDF7988}
	EndProjectSection
EndProject
Project("{8BC9CEB8-8B4A-11D0-8D11-00A0C91BC942}") = "ext_recast", "..\..\external\recast\ext_recast.vcxproj", "{7C7FDBF4-E8AE-3BC6-BCE1-45C914FA46ED}"
	ProjectSection(ProjectDependencies) = postProject
		{4A01373F-C56F-3B38-8E8A-99B68CDF7988} = {4A01373F-C56F-3B38-8E8A-99B68CDF7988}
	EndProjectSection
EndProject
Project("{8BC9CEB8-8B4A-11D0-8D11-00A0C91BC942}") = "ext_tinyxml2", "..\..\external\tinyxml2\ext_tinyxml2.vcxproj", "{28C69947-C866-31FE-9C67-59C19F00FFA4}"
	ProjectSection(ProjectDependencies) = postProject
		{4A01373F-C56F-3B38-8E8A-99B68CDF7988} = {4A01373F-C56F-3B38-8E8A-99B68CDF7988}
	EndProjectSection
EndProject
Project("{8BC9CEB8-8B4A-11D0-8D11-00A0C91BC942}") = "ext_unzip", "..\..\external\unzip\ext_unzip.vcxproj", "{344F26CE-404A-32FC-838C-352A6FA5B860}"
	ProjectSection(ProjectDependencies) = postProject
		{4A01373F-C56F-3B38-8E8A-99B68CDF7988} = {4A01373F-C56F-3B38-8E8A-99B68CDF7988}
	EndProjectSection
EndProject
Project("{8BC9CEB8-8B4A-11D0-8D11-00A0C91BC942}") = "ext_xxhash", "..\..\external\xxhash\ext_xxhash.vcxproj", "{B2F7BB3A-B2BF-3271-8DA8-B05B782D52A1}"
	ProjectSection(ProjectDependencies) = postProject
		{4A01373F-C56F-3B38-8E8A-99B68CDF7988} = {4A01373F-C56F-3B38-8E8A-99B68CDF7988}
	EndProjectSection
EndProject
Project("{8BC9CEB8-8B4A-11D0-8D11-00A0C91BC942}") = "ext_xxtea", "..\..\external\xxtea\ext_xxtea.vcxproj", "{0B785572-C618-373D-BE89-22C2FE480A52}"
	ProjectSection(ProjectDependencies) = postProject
		{4A01373F-C56F-3B38-8E8A-99B68CDF7988} = {4A01373F-C56F-3B38-8E8A-99B68CDF7988}
	EndProjectSection
EndProject
Project("{8BC9CEB8-8B4A-11D0-8D11-00A0C91BC942}") = "external", "..\..\external\external.vcxproj", "{A349C193-CCE3-35D0-8799-7A4FAE4826E3}"
	ProjectSection(ProjectDependencies) = postProject
		{4A01373F-C56F-3B38-8E8A-99B68CDF7988} = {4A01373F-C56F-3B38-8E8A-99B68CDF7988}
		{C346EFAA-7047-3565-8AC9-4C03D7A1F379} = {C346EFAA-7047-3565-8AC9-4C03D7A1F379}
		{61D5E20F-BF3A-38AD-A10F-F2E84D6000B1} = {61D5E20F-BF3A-38AD-A10F-F2E84D6000B1}
		{BDC79788-8127-3DEE-B4D4-BCF124FAF872} = {BDC79788-8127-3DEE-B4D4-BCF124FAF872}
		{3AB1C122-28D5-3373-9369-9E7551401E45} = {3AB1C122-28D5-3373-9369-9E7551401E45}
		{F6FB69A0-300B-3242-A56F-13414C60ACA3} = {F6FB69A0-300B-3242-A56F-13414C60ACA3}
		{7C7FDBF4-E8AE-3BC6-BCE1-45C914FA46ED} = {7C7FDBF4-E8AE-3BC6-BCE1-45C914FA46ED}
		{28C69947-C866-31FE-9C67-59C19F00FFA4} = {28C69947-C866-31FE-9C67-59C19F00FFA4}
		{344F26CE-404A-32FC-838C-352A6FA5B860} = {344F26CE-404A-32FC-838C-352A6FA5B860}
		{B2F7BB3A-B2BF-3271-8DA8-B05B782D52A1} = {B2F7BB3A-B2BF-3271-8DA8-B05B782D52A1}
		{0B785572-C618-373D-BE89-22C2FE480A52} = {0B785572-C618-373D-BE89-22C2FE480A52}
	EndProjectSection
EndProject
Global
	GlobalSection(SolutionConfigurationPlatforms) = preSolution
		Debug|Win32 = Debug|Win32
		Release|Win32 = Release|Win32
		MinSizeRel|Win32 = MinSizeRel|Win32
		RelWithDebInfo|Win32 = RelWithDebInfo|Win32
	EndGlobalSection
	GlobalSection(ProjectConfigurationPlatforms) = postSolution
		{EBE64CBA-62D5-3755-ACB6-ACF6F7CD346B}.Debug|Win32.ActiveCfg = Debug|Win32
		{EBE64CBA-62D5-3755-ACB6-ACF6F7CD346B}.Release|Win32.ActiveCfg = Release|Win32
		{EBE64CBA-62D5-3755-ACB6-ACF6F7CD346B}.MinSizeRel|Win32.ActiveCfg = MinSizeRel|Win32
		{EBE64CBA-62D5-3755-ACB6-ACF6F7CD346B}.RelWithDebInfo|Win32.ActiveCfg = RelWithDebInfo|Win32
		{4A01373F-C56F-3B38-8E8A-99B68CDF7988}.Debug|Win32.ActiveCfg = Debug|Win32
		{4A01373F-C56F-3B38-8E8A-99B68CDF7988}.Debug|Win32.Build.0 = Debug|Win32
		{4A01373F-C56F-3B38-8E8A-99B68CDF7988}.Release|Win32.ActiveCfg = Release|Win32
		{4A01373F-C56F-3B38-8E8A-99B68CDF7988}.Release|Win32.Build.0 = Release|Win32
		{4A01373F-C56F-3B38-8E8A-99B68CDF7988}.MinSizeRel|Win32.ActiveCfg = MinSizeRel|Win32
		{4A01373F-C56F-3B38-8E8A-99B68CDF7988}.MinSizeRel|Win32.Build.0 = MinSizeRel|Win32
		{4A01373F-C56F-3B38-8E8A-99B68CDF7988}.RelWithDebInfo|Win32.ActiveCfg = RelWithDebInfo|Win32
		{4A01373F-C56F-3B38-8E8A-99B68CDF7988}.RelWithDebInfo|Win32.Build.0 = RelWithDebInfo|Win32
		{2557672F-6F57-3ADA-87C2-BB91FF6B54F4}.Debug|Win32.ActiveCfg = Debug|Win32
		{2557672F-6F57-3ADA-87C2-BB91FF6B54F4}.Debug|Win32.Build.0 = Debug|Win32
		{2557672F-6F57-3ADA-87C2-BB91FF6B54F4}.Release|Win32.ActiveCfg = Release|Win32
		{2557672F-6F57-3ADA-87C2-BB91FF6B54F4}.Release|Win32.Build.0 = Release|Win32
		{2557672F-6F57-3ADA-87C2-BB91FF6B54F4}.MinSizeRel|Win32.ActiveCfg = MinSizeRel|Win32
		{2557672F-6F57-3ADA-87C2-BB91FF6B54F4}.MinSizeRel|Win32.Build.0 = MinSizeRel|Win32
		{2557672F-6F57-3ADA-87C2-BB91FF6B54F4}.RelWithDebInfo|Win32.ActiveCfg = RelWithDebInfo|Win32
		{2557672F-6F57-3ADA-87C2-BB91FF6B54F4}.RelWithDebInfo|Win32.Build.0 = RelWithDebInfo|Win32
		{C346EFAA-7047-3565-8AC9-4C03D7A1F379}.Debug|Win32.ActiveCfg = Debug|Win32
		{C346EFAA-7047-3565-8AC9-4C03D7A1F379}.Debug|Win32.Build.0 = Debug|Win32
		{C346EFAA-7047-3565-8AC9-4C03D7A1F379}.Release|Win32.ActiveCfg = Release|Win32
		{C346EFAA-7047-3565-8AC9-4C03D7A1F379}.Release|Win32.Build.0 = Release|Win32
		{C346EFAA-7047-3565-8AC9-4C03D7A1F379}.MinSizeRel|Win32.ActiveCfg = MinSizeRel|Win32
		{C346EFAA-7047-3565-8AC9-4C03D7A1F379}.MinSizeRel|Win32.Build.0 = MinSizeRel|Win32
		{C346EFAA-7047-3565-8AC9-4C03D7A1F379}.RelWithDebInfo|Win32.ActiveCfg = RelWithDebInfo|Win32
		{C346EFAA-7047-3565-8AC9-4C03D7A1F379}.RelWithDebInfo|Win32.Build.0 = RelWithDebInfo|Win32
		{61D5E20F-BF3A-38AD-A10F-F2E84D6000B1}.Debug|Win32.ActiveCfg = Debug|Win32
		{61D5E20F-BF3A-38AD-A10F-F2E84D6000B1}.Debug|Win32.Build.0 = Debug|Win32
		{61D5E20F-BF3A-38AD-A10F-F2E84D6000B1}.Release|Win32.ActiveCfg = Release|Win32
		{61D5E20F-BF3A-38AD-A10F-F2E84D6000B1}.Release|Win32.Build.0 = Release|Win32
		{61D5E20F-BF3A-38AD-A10F-F2E84D6000B1}.MinSizeRel|Win32.ActiveCfg = MinSizeRel|Win32
		{61D5E20F-BF3A-38AD-A10F-F2E84D6000B1}.MinSizeRel|Win32.Build.0 = MinSizeRel|Win32
		{61D5E20F-BF3A-38AD-A10F-F2E84D6000B1}.RelWithDebInfo|Win32.ActiveCfg = RelWithDebInfo|Win32
		{61D5E20F-BF3A-38AD-A10F-F2E84D6000B1}.RelWithDebInfo|Win32.Build.0 = RelWithDebInfo|Win32
		{BDC79788-8127-3DEE-B4D4-BCF124FAF872}.Debug|Win32.ActiveCfg = Debug|Win32
		{BDC79788-8127-3DEE-B4D4-BCF124FAF872}.Debug|Win32.Build.0 = Debug|Win32
		{BDC79788-8127-3DEE-B4D4-BCF124FAF872}.Release|Win32.ActiveCfg = Release|Win32
		{BDC79788-8127-3DEE-B4D4-BCF124FAF872}.Release|Win32.Build.0 = Release|Win32
		{BDC79788-8127-3DEE-B4D4-BCF124FAF872}.MinSizeRel|Win32.ActiveCfg = MinSizeRel|Win32
		{BDC79788-8127-3DEE-B4D4-BCF124FAF872}.MinSizeRel|Win32.Build.0 = MinSizeRel|Win32
		{BDC79788-8127-3DEE-B4D4-BCF124FAF872}.RelWithDebInfo|Win32.ActiveCfg = RelWithDebInfo|Win32
		{BDC79788-8127-3DEE-B4D4-BCF124FAF872}.RelWithDebInfo|Win32.Build.0 = RelWithDebInfo|Win32
		{3AB1C122-28D5-3373-9369-9E7551401E45}.Debug|Win32.ActiveCfg = Debug|Win32
		{3AB1C122-28D5-3373-9369-9E7551401E45}.Debug|Win32.Build.0 = Debug|Win32
		{3AB1C122-28D5-3373-9369-9E7551401E45}.Release|Win32.ActiveCfg = Release|Win32
		{3AB1C122-28D5-3373-9369-9E7551401E45}.Release|Win32.Build.0 = Release|Win32
		{3AB1C122-28D5-3373-9369-9E7551401E45}.MinSizeRel|Win32.ActiveCfg = MinSizeRel|Win32
		{3AB1C122-28D5-3373-9369-9E7551401E45}.MinSizeRel|Win32.Build.0 = MinSizeRel|Win32
		{3AB1C122-28D5-3373-9369-9E7551401E45}.RelWithDebInfo|Win32.ActiveCfg = RelWithDebInfo|Win32
		{3AB1C122-28D5-3373-9369-9E7551401E45}.RelWithDebInfo|Win32.Build.0 = RelWithDebInfo|Win32
		{F6FB69A0-300B-3242-A56F-13414C60ACA3}.Debug|Win32.ActiveCfg = Debug|Win32
		{F6FB69A0-300B-3242-A56F-13414C60ACA3}.Debug|Win32.Build.0 = Debug|Win32
		{F6FB69A0-300B-3242-A56F-13414C60ACA3}.Release|Win32.ActiveCfg = Release|Win32
		{F6FB69A0-300B-3242-A56F-13414C60ACA3}.Release|Win32.Build.0 = Release|Win32
		{F6FB69A0-300B-3242-A56F-13414C60ACA3}.MinSizeRel|Win32.ActiveCfg = MinSizeRel|Win32
		{F6FB69A0-300B-3242-A56F-13414C60ACA3}.MinSizeRel|Win32.Build.0 = MinSizeRel|Win32
		{F6FB69A0-300B-3242-A56F-13414C60ACA3}.RelWithDebInfo|Win32.ActiveCfg = RelWithDebInfo|Win32
		{F6FB69A0-300B-3242-A56F-13414C60ACA3}.RelWithDebInfo|Win32.Build.0 = RelWithDebInfo|Win32
		{7C7FDBF4-E8AE-3BC6-BCE1-45C914FA46ED}.Debug|Win32.ActiveCfg = Debug|Win32
		{7C7FDBF4-E8AE-3BC6-BCE1-45C914FA46ED}.Debug|Win32.Build.0 = Debug|Win32
		{7C7FDBF4-E8AE-3BC6-BCE1-45C914FA46ED}.Release|Win32.ActiveCfg = Release|Win32
		{7C7FDBF4-E8AE-3BC6-BCE1-45C914FA46ED}.Release|Win32.Build.0 = Release|Win32
		{7C7FDBF4-E8AE-3BC6-BCE1-45C914FA46ED}.MinSizeRel|Win32.ActiveCfg = MinSizeRel|Win32
		{7C7FDBF4-E8AE-3BC6-BCE1-45C914FA46ED}.MinSizeRel|Win32.Build.0 = MinSizeRel|Win32
		{7C7FDBF4-E8AE-3BC6-BCE1-45C914FA46ED}.RelWithDebInfo|Win32.ActiveCfg = RelWithDebInfo|Win32
		{7C7FDBF4-E8AE-3BC6-BCE1-45C914FA46ED}.RelWithDebInfo|Win32.Build.0 = RelWithDebInfo|Win32
		{28C69947-C866-31FE-9C67-59C19F00FFA4}.Debug|Win32.ActiveCfg = Debug|Win32
		{28C69947-C866-31FE-9C67-59C19F00FFA4}.Debug|Win32.Build.0 = Debug|Win32
		{28C69947-C866-31FE-9C67-59C19F00FFA4}.Release|Win32.ActiveCfg = Release|Win32
		{28C69947-C866-31FE-9C67-59C19F00FFA4}.Release|Win32.Build.0 = Release|Win32
		{28C69947-C866-31FE-9C67-59C19F00FFA4}.MinSizeRel|Win32.ActiveCfg = MinSizeRel|Win32
		{28C69947-C866-31FE-9C67-59C19F00FFA4}.MinSizeRel|Win32.Build.0 = MinSizeRel|Win32
		{28C69947-C866-31FE-9C67-59C19F00FFA4}.RelWithDebInfo|Win32.ActiveCfg = RelWithDebInfo|Win32
		{28C69947-C866-31FE-9C67-59C19F00FFA4}.RelWithDebInfo|Win32.Build.0 = RelWithDebInfo|Win32
		{344F26CE-404A-32FC-838C-352A6FA5B860}.Debug|Win32.ActiveCfg = Debug|Win32
		{344F26CE-404A-32FC-838C-352A6FA5B860}.Debug|Win32.Build.0 = Debug|Win32
		{344F26CE-404A-32FC-838C-352A6FA5B860}.Release|Win32.ActiveCfg = Release|Win32
		{344F26CE-404A-32FC-838C-352A6FA5B860}.Release|Win32.Build.0 = Release|Win32
		{344F26CE-404A-32FC-838C-352A6FA5B860}.MinSizeRel|Win32.ActiveCfg = MinSizeRel|Win32
		{344F26CE-404A-32FC-838C-352A6FA5B860}.MinSizeRel|Win32.Build.0 = MinSizeRel|Win32
		{344F26CE-404A-32FC-838C-352A6FA5B860}.RelWithDebInfo|Win32.ActiveCfg = RelWithDebInfo|Win32
		{344F26CE-404A-32FC-838C-352A6FA5B860}.RelWithDebInfo|Win32.Build.0 = RelWithDebInfo|Win32
		{B2F7BB3A-B2BF-3271-8DA8-B05B782D52A1}.Debug|Win32.ActiveCfg = Debug|Win32
		{B2F7BB3A-B2BF-3271-8DA8-B05B782D52A1}.Debug|Win32.Build.0 = Debug|Win32
		{B2F7BB3A-B2BF-3271-8DA8-B05B782D52A1}.Release|Win32.ActiveCfg = Release|Win32
		{B2F7BB3A-B2BF-3271-8DA8-B05B782D52A1}.Release|Win32.Build.0 = Release|Win32
		{B2F7BB3A-B2BF-3271-8DA8-B05B782D52A1}.MinSizeRel|Win32.ActiveCfg = MinSizeRel|Win32
		{B2F7BB3A-B2BF-3271-8DA8-B05B782D52A1}.MinSizeRel|Win32.Build.0 = MinSizeRel|Win32
		{B2F7BB3A-B2BF-3271-8DA8-B05B782D52A1}.RelWithDebInfo|Win32.ActiveCfg = RelWithDebInfo|Win32
		{B2F7BB3A-B2BF-3271-8DA8-B05B782D52A1}.RelWithDebInfo|Win32.Build.0 = RelWithDebInfo|Win32
		{0B785572-C618-373D-BE89-22C2FE480A52}.Debug|Win32.ActiveCfg = Debug|Win32
		{0B785572-C618-373D-BE89-22C2FE480A52}.Debug|Win32.Build.0 = Debug|Win32
		{0B785572-C618-373D-BE89-22C2FE480A52}.Release|Win32.ActiveCfg = Release|Win32
		{0B785572-C618-373D-BE89-22C2FE480A52}.Release|Win32.Build.0 = Release|Win32
		{0B785572-C618-373D-BE89-22C2FE480A52}.MinSizeRel|Win32.ActiveCfg = MinSizeRel|Win32
		{0B785572-C618-373D-BE89-22C2FE480A52}.MinSizeRel|Win32.Build.0 = MinSizeRel|Win32
		{0B785572-C618-373D-BE89-22C2FE480A52}.RelWithDebInfo|Win32.ActiveCfg = RelWithDebInfo|Win32
		{0B785572-C618-373D-BE89-22C2FE480A52}.RelWithDebInfo|Win32.Build.0 = RelWithDebInfo|Win32
		{A349C193-CCE3-35D0-8799-7A4FAE4826E3}.Debug|Win32.ActiveCfg = Debug|Win32
		{A349C193-CCE3-35D0-8799-7A4FAE4826E3}.Debug|Win32.Build.0 = Debug|Win32
		{A349C193-CCE3-35D0-8799-7A4FAE4826E3}.Release|Win32.ActiveCfg = Release|Win32
		{A349C193-CCE3-35D0-8799-7A4FAE4826E3}.Release|Win32.Build.0 = Release|Win32
		{A349C193-CCE3-35D0-8799-7A4FAE4826E3}.MinSizeRel|Win32.ActiveCfg = MinSizeRel|Win32
		{A349C193-CCE3-35D0-8799-7A4FAE4826E3}.MinSizeRel|Win32.Build.0 = MinSizeRel|Win32
		{A349C193-CCE3-35D0-8799-7A4FAE4826E3}.RelWithDebInfo|Win32.ActiveCfg = RelWithDebInfo|Win32
		{A349C193-CCE3-35D0-8799-7A4FAE4826E3}.RelWithDebInfo|Win32.Build.0 = RelWithDebInfo|Win32
	EndGlobalSection
	GlobalSection(NestedProjects) = preSolution
		{EBE64CBA-62D5-3755-ACB6-ACF6F7CD346B} = {5C83D31C-53A3-3920-BB87-035DC00BCA92}
		{4A01373F-C56F-3B38-8E8A-99B68CDF7988} = {5C83D31C-53A3-3920-BB87-035DC00BCA92}
		{C346EFAA-7047-3565-8AC9-4C03D7A1F379} = {5A3A93FE-92F0-3ACC-BCB3-1B885F5B9AEB}
		{61D5E20F-BF3A-38AD-A10F-F2E84D6000B1} = {5A3A93FE-92F0-3ACC-BCB3-1B885F5B9AEB}
		{BDC79788-8127-3DEE-B4D4-BCF124FAF872} = {5A3A93FE-92F0-3ACC-BCB3-1B885F5B9AEB}
		{3AB1C122-28D5-3373-9369-9E7551401E45} = {5A3A93FE-92F0-3ACC-BCB3-1B885F5B9AEB}
		{F6FB69A0-300B-3242-A56F-13414C60ACA3} = {5A3A93FE-92F0-3ACC-BCB3-1B885F5B9AEB}
		{7C7FDBF4-E8AE-3BC6-BCE1-45C914FA46ED} = {5A3A93FE-92F0-3ACC-BCB3-1B885F5B9AEB}
		{28C69947-C866-31FE-9C67-59C19F00FFA4} = {5A3A93FE-92F0-3ACC-BCB3-1B885F5B9AEB}
		{344F26CE-404A-32FC-838C-352A6FA5B860} = {5A3A93FE-92F0-3ACC-BCB3-1B885F5B9AEB}
		{B2F7BB3A-B2BF-3271-8DA8-B05B782D52A1} = {5A3A93FE-92F0-3ACC-BCB3-1B885F5B9AEB}
		{0B785572-C618-373D-BE89-22C2FE480A52} = {5A3A93FE-92F0-3ACC-BCB3-1B885F5B9AEB}
		{A349C193-CCE3-35D0-8799-7A4FAE4826E3} = {5A3A93FE-92F0-3ACC-BCB3-1B885F5B9AEB}
		{2557672F-6F57-3ADA-87C2-BB91FF6B54F4} = {E060F19E-6BB3-311E-BA66-15130B4363D5}
	EndGlobalSection
	GlobalSection(ExtensibilityGlobals) = postSolution
		SolutionGuid = {EE458772-E7F9-3658-91A7-FB94935EA850}
	EndGlobalSection
	GlobalSection(ExtensibilityAddIns) = postSolution
	EndGlobalSection
EndGlobal
